
Microsoft Visual Studio Solution File, Format Version 12.00
# Visual Studio Version 17
VisualStudioVersion = 17.14.36518.9 d17.14
MinimumVisualStudioVersion = 10.0.40219.1
Project("{FAE04EC0-301F-11D3-BF4B-00C04F79EFBC}") = "T5DecoratorPattern", "T5DecoratorPattern.csproj", "{A7D85D47-8AA3-49F9-A7C9-7E1586EC3B08}"
EndProject
Global
	GlobalSection(SolutionConfigurationPlatforms) = preSolution
		Debug|Any CPU = Debug|Any CPU
		Release|Any CPU = Release|Any CPU
	EndGlobalSection
	GlobalSection(ProjectConfigurationPlatforms) = postSolution
		{A7D85D47-8AA3-49F9-A7C9-7E1586EC3B08}.Debug|Any CPU.ActiveCfg = Debug|Any CPU
		{A7D85D47-8AA3-49F9-A7C9-7E1586EC3B08}.Debug|Any CPU.Build.0 = Debug|Any CPU
		{A7D85D47-8AA3-49F9-A7C9-7E1586EC3B08}.Release|Any CPU.ActiveCfg = Release|Any CPU
		{A7D85D47-8AA3-49F9-A7C9-7E1586EC3B08}.Release|Any CPU.Build.0 = Release|Any CPU
	EndGlobalSection
	GlobalSection(SolutionProperties) = preSolution
		HideSolutionNode = FALSE
	EndGlobalSection
	GlobalSection(ExtensibilityGlobals) = postSolution
		SolutionGuid = {892950E1-8A5F-458A-BC4A-F9E6A0320D4A}
	EndGlobalSection
EndGlobal
