
Microsoft Visual Studio Solution File, Format Version 12.00
# Visual Studio Version 17
VisualStudioVersion = 17.14.36518.9 d17.14
MinimumVisualStudioVersion = 10.0.40219.1
Project("{FAE04EC0-301F-11D3-BF4B-00C04F79EFBC}") = "T2AdapterPattern", "T2AdapterPattern.csproj", "{8A9A6C48-F36E-48FE-9E2F-E78687E8C95C}"
EndProject
Global
	GlobalSection(SolutionConfigurationPlatforms) = preSolution
		Debug|Any CPU = Debug|Any CPU
		Release|Any CPU = Release|Any CPU
	EndGlobalSection
	GlobalSection(ProjectConfigurationPlatforms) = postSolution
		{8A9A6C48-F36E-48FE-9E2F-E78687E8C95C}.Debug|Any CPU.ActiveCfg = Debug|Any CPU
		{8A9A6C48-F36E-48FE-9E2F-E78687E8C95C}.Debug|Any CPU.Build.0 = Debug|Any CPU
		{8A9A6C48-F36E-48FE-9E2F-E78687E8C95C}.Release|Any CPU.ActiveCfg = Release|Any CPU
		{8A9A6C48-F36E-48FE-9E2F-E78687E8C95C}.Release|Any CPU.Build.0 = Release|Any CPU
	EndGlobalSection
	GlobalSection(SolutionProperties) = preSolution
		HideSolutionNode = FALSE
	EndGlobalSection
	GlobalSection(ExtensibilityGlobals) = postSolution
		SolutionGuid = {7E7E65E6-86D8-45F4-A2F6-C66CDA7BD753}
	EndGlobalSection
EndGlobal
